// !$*UTF8*$!
{
	archiveVersion = 1;
	classes = {
	};
	objectVersion = 46;
	objects = {

/* Begin PBXBuildFile section */
		76A3F6431EC66DE0003908A0 /* AppDelegate.swift in Sources */ = {isa = PBXBuildFile; fileRef = 76A3F6421EC66DE0003908A0 /* AppDelegate.swift */; };
		76A3F6451EC66DE0003908A0 /* ViewController.swift in Sources */ = {isa = PBXBuildFile; fileRef = 76A3F6441EC66DE0003908A0 /* ViewController.swift */; };
		76A3F6481EC66DE0003908A0 /* Main.storyboard in Resources */ = {isa = PBXBuildFile; fileRef = 76A3F6461EC66DE0003908A0 /* Main.storyboard */; };
		76A3F64A1EC66DE0003908A0 /* Assets.xcassets in Resources */ = {isa = PBXBuildFile; fileRef = 76A3F6491EC66DE0003908A0 /* Assets.xcassets */; };
		76A3F64D1EC66DE0003908A0 /* LaunchScreen.storyboard in Resources */ = {isa = PBXBuildFile; fileRef = 76A3F64B1EC66DE0003908A0 /* LaunchScreen.storyboard */; };
		76A3F6561EC66E5B003908A0 /* G8Carousel.swift in Sources */ = {isa = PBXBuildFile; fileRef = 76A3F6551EC66E5B003908A0 /* G8Carousel.swift */; };
/* End PBXBuildFile section */

/* Begin PBXFileReference section */
		76A3F63F1EC66DE0003908A0 /* G8Carousel.app */ = {isa = PBXFileReference; explicitFileType = wrapper.application; includeInIndex = 0; path = G8Carousel.app; sourceTree = BUILT_PRODUCTS_DIR; };
		76A3F6421EC66DE0003908A0 /* AppDelegate.swift */ = {isa = PBXFileReference; lastKnownFileType = sourcecode.swift; path = AppDelegate.swift; sourceTree = "<group>"; };
		76A3F6441EC66DE0003908A0 /* ViewController.swift */ = {isa = PBXFileReference; lastKnownFileType = sourcecode.swift; path = ViewController.swift; sourceTree = "<group>"; };
		76A3F6471EC66DE0003908A0 /* Base */ = {isa = PBXFileReference; lastKnownFileType = file.storyboard; name = Base; path = Base.lproj/Main.storyboard; sourceTree = "<group>"; };
		76A3F6491EC66DE0003908A0 /* Assets.xcassets */ = {isa = PBXFileReference; lastKnownFileType = folder.assetcatalog; path = Assets.xcassets; sourceTree = "<group>"; };
		76A3F64C1EC66DE0003908A0 /* Base */ = {isa = PBXFileReference; lastKnownFileType = file.storyboard; name = Base; path = Base.lproj/LaunchScreen.storyboard; sourceTree = "<group>"; };
		76A3F64E1EC66DE0003908A0 /* Info.plist */ = {isa = PBXFileReference; lastKnownFileType = text.plist.xml; path = Info.plist; sourceTree = "<group>"; };
		76A3F6551EC66E5B003908A0 /* G8Carousel.swift */ = {isa = PBXFileReference; fileEncoding = 4; lastKnownFileType = sourcecode.swift; name = G8Carousel.swift; path = Carousel/G8Carousel.swift; sourceTree = "<group>"; };
/* End PBXFileReference section */

/* Begin PBXFrameworksBuildPhase section */
		76A3F63C1EC66DE0003908A0 /* Frameworks */ = {
			isa = PBXFrameworksBuildPhase;
			buildActionMask = 2147483647;
			files = (
			);
			runOnlyForDeploymentPostprocessing = 0;
		};
/* End PBXFrameworksBuildPhase section */

/* Begin PBXGroup section */
		76A3F6361EC66DE0003908A0 = {
			isa = PBXGroup;
			children = (
				76A3F6411EC66DE0003908A0 /* G8Carousel */,
				76A3F6401EC66DE0003908A0 /* Products */,
			);
			sourceTree = "<group>";
		};
		76A3F6401EC66DE0003908A0 /* Products */ = {
			isa = PBXGroup;
			children = (
				76A3F63F1EC66DE0003908A0 /* G8Carousel.app */,
			);
			name = Products;
			sourceTree = "<group>";
		};
		76A3F6411EC66DE0003908A0 /* G8Carousel */ = {
			isa = PBXGroup;
			children = (
				76A3F6541EC66E43003908A0 /* Carousel */,
				76A3F6421EC66DE0003908A0 /* AppDelegate.swift */,
				76A3F6441EC66DE0003908A0 /* ViewController.swift */,
				76A3F6461EC66DE0003908A0 /* Main.storyboard */,
				76A3F6491EC66DE0003908A0 /* Assets.xcassets */,
				76A3F64B1EC66DE0003908A0 /* LaunchScreen.storyboard */,
				76A3F64E1EC66DE0003908A0 /* Info.plist */,
			);
			path = G8Carousel;
			sourceTree = "<group>";
		};
		76A3F6541EC66E43003908A0 /* Carousel */ = {
			isa = PBXGroup;
			children = (
				76A3F6551EC66E5B003908A0 /* G8Carousel.swift */,
			);
			name = Carousel;
			sourceTree = "<group>";
		};
/* End PBXGroup section */

/* Begin PBXNativeTarget section */
		76A3F63E1EC66DE0003908A0 /* G8Carousel */ = {
			isa = PBXNativeTarget;
			buildConfigurationList = 76A3F6511EC66DE0003908A0 /* Build configuration list for PBXNativeTarget "G8Carousel" */;
			buildPhases = (
				76A3F63B1EC66DE0003908A0 /* Sources */,
				76A3F63C1EC66DE0003908A0 /* Frameworks */,
				76A3F63D1EC66DE0003908A0 /* Resources */,
			);
			buildRules = (
			);
			dependencies = (
			);
			name = G8Carousel;
			productName = G8Carousel;
			productReference = 76A3F63F1EC66DE0003908A0 /* G8Carousel.app */;
			productType = "com.apple.product-type.application";
		};
/* End PBXNativeTarget section */

/* Begin PBXProject section */
		76A3F6371EC66DE0003908A0 /* Project object */ = {
			isa = PBXProject;
			attributes = {
				LastSwiftUpdateCheck = 0830;
				LastUpgradeCheck = 0830;
				ORGANIZATIONNAME = "Omar Juarez Ortiz";
				TargetAttributes = {
					76A3F63E1EC66DE0003908A0 = {
						CreatedOnToolsVersion = 8.3.2;
						DevelopmentTeam = Z9D57CYSLA;
						ProvisioningStyle = Automatic;
					};
				};
			};
			buildConfigurationList = 76A3F63A1EC66DE0003908A0 /* Build configuration list for PBXProject "G8Carousel" */;
			compatibilityVersion = "Xcode 3.2";
			developmentRegion = English;
			hasScannedForEncodings = 0;
			knownRegions = (
				en,
				Base,
			);
			mainGroup = 76A3F6361EC66DE0003908A0;
			productRefGroup = 76A3F6401EC66DE0003908A0 /* Products */;
			projectDirPath = "";
			projectRoot = "";
			targets = (
				76A3F63E1EC66DE0003908A0 /* G8Carousel */,
			);
		};
/* End PBXProject section */

/* Begin PBXResourcesBuildPhase section */
		76A3F63D1EC66DE0003908A0 /* Resources */ = {
			isa = PBXResourcesBuildPhase;
			buildActionMask = 2147483647;
			files = (
				76A3F64D1EC66DE0003908A0 /* LaunchScreen.storyboard in Resources */,
				76A3F64A1EC66DE0003908A0 /* Assets.xcassets in Resources */,
				76A3F6481EC66DE0003908A0 /* Main.storyboard in Resources */,
			);
			runOnlyForDeploymentPostprocessing = 0;
		};
/* End PBXResourcesBuildPhase section */

/* Begin PBXSourcesBuildPhase section */
		76A3F63B1EC66DE0003908A0 /* Sources */ = {
			isa = PBXSourcesBuildPhase;
			buildActionMask = 2147483647;
			files = (
				76A3F6451EC66DE0003908A0 /* ViewController.swift in Sources */,
				76A3F6561EC66E5B003908A0 /* G8Carousel.swift in Sources */,
				76A3F6431EC66DE0003908A0 /* AppDelegate.swift in Sources */,
			);
			runOnlyForDeploymentPostprocessing = 0;
		};
/* End PBXSourcesBuildPhase section */

/* Begin PBXVariantGroup section */
		76A3F6461EC66DE0003908A0 /* Main.storyboard */ = {
			isa = PBXVariantGroup;
			children = (
				76A3F6471EC66DE0003908A0 /* Base */,
			);
			name = Main.storyboard;
			sourceTree = "<group>";
		};
		76A3F64B1EC66DE0003908A0 /* LaunchScreen.storyboard */ = {
			isa = PBXVariantGroup;
			children = (
				76A3F64C1EC66DE0003908A0 /* Base */,
			);
			name = LaunchScreen.storyboard;
			sourceTree = "<group>";
		};
/* End PBXVariantGroup section */

/* Begin XCBuildConfiguration section */
		76A3F64F1EC66DE0003908A0 /* Debug */ = {
			isa = XCBuildConfiguration;
			buildSettings = {
				ALWAYS_SEARCH_USER_PATHS = NO;
				CLANG_ANALYZER_NONNULL = YES;
				CLANG_ANALYZER_NUMBER_OBJECT_CONVERSION = YES_AGGRESSIVE;
				CLANG_CXX_LANGUAGE_STANDARD = "gnu++0x";
				CLANG_CXX_LIBRARY = "libc++";
				CLANG_ENABLE_MODULES = YES;
				CLANG_ENABLE_OBJC_ARC = YES;
				CLANG_WARN_BOOL_CONVERSION = YES;
				CLANG_WARN_CONSTANT_CONVERSION = YES;
				CLANG_WARN_DIRECT_OBJC_ISA_USAGE = YES_ERROR;
				CLANG_WARN_DOCUMENTATION_COMMENTS = YES;
				CLANG_WARN_EMPTY_BODY = YES;
				CLANG_WARN_ENUM_CONVERSION = YES;
				CLANG_WARN_INFINITE_RECURSION = YES;
				CLANG_WARN_INT_CONVERSION = YES;
				CLANG_WARN_OBJC_ROOT_CLASS = YES_ERROR;
				CLANG_WARN_SUSPICIOUS_MOVE = YES;
				CLANG_WARN_UNREACHABLE_CODE = YES;
				CLANG_WARN__DUPLICATE_METHOD_MATCH = YES;
				"CODE_SIGN_IDENTITY[sdk=iphoneos*]" = "iPhone Developer";
				COPY_PHASE_STRIP = NO;
				DEBUG_INFORMATION_FORMAT = dwarf;
				ENABLE_STRICT_OBJC_MSGSEND = YES;
				ENABLE_TESTABILITY = YES;
				GCC_C_LANGUAGE_STANDARD = gnu99;
				GCC_DYNAMIC_NO_PIC = NO;
				GCC_NO_COMMON_BLOCKS = YES;
				GCC_OPTIMIZATION_LEVEL = 0;
				GCC_PREPROCESSOR_DEFINITIONS = (
					"DEBUG=1",
					"$(inherited)",
				);
				GCC_WARN_64_TO_32_BIT_CONVERSION = YES;
				GCC_WARN_ABOUT_RETURN_TYPE = YES_ERROR;
				GCC_WARN_UNDECLARED_SELECTOR = YES;
				GCC_WARN_UNINITIALIZED_AUTOS = YES_AGGRESSIVE;
				GCC_WARN_UNUSED_FUNCTION = YES;
				GCC_WARN_UNUSED_VARIABLE = YES;
				IPHONEOS_DEPLOYMENT_TARGET = 10.3;
				MTL_ENABLE_DEBUG_INFO = YES;
				ONLY_ACTIVE_ARCH = YES;
				SDKROOT = iphoneos;
				SWIFT_ACTIVE_COMPILATION_CONDITIONS = DEBUG;
				SWIFT_OPTIMIZATION_LEVEL = "-Onone";
				TARGETED_DEVICE_FAMILY = "1,2";
			};
			name = Debug;
		};
		76A3F6501EC66DE0003908A0 /* Release */ = {
			isa = XCBuildConfiguration;
			buildSettings = {
				ALWAYS_SEARCH_USER_PATHS = NO;
				CLANG_ANALYZER_NONNULL = YES;
				CLANG_ANALYZER_NUMBER_OBJECT_CONVERSION = YES_AGGRESSIVE;
				CLANG_CXX_LANGUAGE_STANDARD = "gnu++0x";
				CLANG_CXX_LIBRARY = "libc++";
				CLANG_ENABLE_MODULES = YES;
				CLANG_ENABLE_OBJC_ARC = YES;
				CLANG_WARN_BOOL_CONVERSION = YES;
				CLANG_WARN_CONSTANT_CONVERSION = YES;
				CLANG_WARN_DIRECT_OBJC_ISA_USAGE = YES_ERROR;
				CLANG_WARN_DOCUMENTATION_COMMENTS = YES;
				CLANG_WARN_EMPTY_BODY = YES;
				CLANG_WARN_ENUM_CONVERSION = YES;
				CLANG_WARN_INFINITE_RECURSION = YES;
				CLANG_WARN_INT_CONVERSION = YES;
				CLANG_WARN_OBJC_ROOT_CLASS = YES_ERROR;
				CLANG_WARN_SUSPICIOUS_MOVE = YES;
				CLANG_WARN_UNREACHABLE_CODE = YES;
				CLANG_WARN__DUPLICATE_METHOD_MATCH = YES;
				"CODE_SIGN_IDENTITY[sdk=iphoneos*]" = "iPhone Developer";
				COPY_PHASE_STRIP = NO;
				DEBUG_INFORMATION_FORMAT = "dwarf-with-dsym";
				ENABLE_NS_ASSERTIONS = NO;
				ENABLE_STRICT_OBJC_MSGSEND = YES;
				GCC_C_LANGUAGE_STANDARD = gnu99;
				GCC_NO_COMMON_BLOCKS = YES;
				GCC_WARN_64_TO_32_BIT_CONVERSION = YES;
				GCC_WARN_ABOUT_RETURN_TYPE = YES_ERROR;
				GCC_WARN_UNDECLARED_SELECTOR = YES;
				GCC_WARN_UNINITIALIZED_AUTOS = YES_AGGRESSIVE;
				GCC_WARN_UNUSED_FUNCTION = YES;
				GCC_WARN_UNUSED_VARIABLE = YES;
				IPHONEOS_DEPLOYMENT_TARGET = 10.3;
				MTL_ENABLE_DEBUG_INFO = NO;
				SDKROOT = iphoneos;
				SWIFT_OPTIMIZATION_LEVEL = "-Owholemodule";
				TARGETED_DEVICE_FAMILY = "1,2";
				VALIDATE_PRODUCT = YES;
			};
			name = Release;
		};
		76A3F6521EC66DE0003908A0 /* Debug */ = {
			isa = XCBuildConfiguration;
			buildSettings = {
				ASSETCATALOG_COMPILER_APPICON_NAME = AppIcon;
				DEVELOPMENT_TEAM = Z9D57CYSLA;
				INFOPLIST_FILE = G8Carousel/Info.plist;
				LD_RUNPATH_SEARCH_PATHS = "$(inherited) @executable_path/Frameworks";
				PRODUCT_BUNDLE_IDENTIFIER = Segartek.G8Carousel;
				PRODUCT_NAME = "$(TARGET_NAME)";
				SWIFT_VERSION = 3.0;
			};
			name = Debug;
		};
		76A3F6531EC66DE0003908A0 /* Release */ = {
			isa = XCBuildConfiguration;
			buildSettings = {
				ASSETCATALOG_COMPILER_APPICON_NAME = AppIcon;
				DEVELOPMENT_TEAM = Z9D57CYSLA;
				INFOPLIST_FILE = G8Carousel/Info.plist;
				LD_RUNPATH_SEARCH_PATHS = "$(inherited) @executable_path/Frameworks";
				PRODUCT_BUNDLE_IDENTIFIER = Segartek.G8Carousel;
				PRODUCT_NAME = "$(TARGET_NAME)";
				SWIFT_VERSION = 3.0;
			};
			name = Release;
		};
/* End XCBuildConfiguration section */

/* Begin XCConfigurationList section */
		76A3F63A1EC66DE0003908A0 /* Build configuration list for PBXProject "G8Carousel" */ = {
			isa = XCConfigurationList;
			buildConfigurations = (
				76A3F64F1EC66DE0003908A0 /* Debug */,
				76A3F6501EC66DE0003908A0 /* Release */,
			);
			defaultConfigurationIsVisible = 0;
			defaultConfigurationName = Release;
		};
		76A3F6511EC66DE0003908A0 /* Build configuration list for PBXNativeTarget "G8Carousel" */ = {
			isa = XCConfigurationList;
			buildConfigurations = (
				76A3F6521EC66DE0003908A0 /* Debug */,
				76A3F6531EC66DE0003908A0 /* Release */,
			);
			defaultConfigurationIsVisible = 0;
			defaultConfigurationName = Release;
		};
/* End XCConfigurationList section */
	};
	rootObject = 76A3F6371EC66DE0003908A0 /* Project object */;
}
